PODS:
  - Kingfisher (5.13.2):
    - Kingfisher/Core (= 5.13.2)
  - Kingfisher/Core (5.13.2)
  - SnapKit (5.0.1)

DEPENDENCIES:
  - Kingfisher
  - SnapKit

SPEC REPOS:
  trunk:
    - Kingfisher
    - SnapKit

SPEC CHECKSUMS:
  Kingfisher: d342c8354c10c3d85a27d6d4c42c41285924b898
  SnapKit: 97b92857e3df3a0c71833cce143274bf6ef8e5eb

PODFILE CHECKSUM: cc04aa5a4bba8417ccf65eda681321ce13d15f80

COCOAPODS: 1.9.0
